
Microsoft Visual Studio Solution File, Format Version 12.00
# Visual Studio Version 17
VisualStudioVersion = 17.3.32825.248
MinimumVisualStudioVersion = 10.0.40219.1
Project("{FAE04EC0-301F-11D3-BF4B-00C04F79EFBC}") = "WpfApp2", "WpfApp2.csproj", "{3C2D03E6-D6E4-4FFC-A6A8-505DB593D379}"
EndProject
Global
	GlobalSection(SolutionConfigurationPlatforms) = preSolution
		Debug|Any CPU = Debug|Any CPU
		Release|Any CPU = Release|Any CPU
	EndGlobalSection
	GlobalSection(ProjectConfigurationPlatforms) = postSolution
		{3C2D03E6-D6E4-4FFC-A6A8-505DB593D379}.Debug|Any CPU.ActiveCfg = Debug|Any CPU
		{3C2D03E6-D6E4-4FFC-A6A8-505DB593D379}.Debug|Any CPU.Build.0 = Debug|Any CPU
		{3C2D03E6-D6E4-4FFC-A6A8-505DB593D379}.Release|Any CPU.ActiveCfg = Release|Any CPU
		{3C2D03E6-D6E4-4FFC-A6A8-505DB593D379}.Release|Any CPU.Build.0 = Release|Any CPU
	EndGlobalSection
	GlobalSection(SolutionProperties) = preSolution
		HideSolutionNode = FALSE
	EndGlobalSection
	GlobalSection(ExtensibilityGlobals) = postSolution
		SolutionGuid = {51F1D0DB-A00C-48D5-A9E3-8AF412BFA4C1}
	EndGlobalSection
EndGlobal
